Microsoft Visual Studio Solution File, Format Version 12.00
# Visual Studio Version 17
VisualStudioVersion = 17.0.31903.59
MinimumVisualStudioVersion = 10.0.40219.1
Project("{2150E333-8FDC-42A3-9474-1A3956D46DE8}") = "SnoopWpfSubModule", "SnoopWpfSubModule", "{E1E1E1E1-1E1E-1E1E-1E1E-1E1E1E1E1E1E}"
EndProject
Project("{9A19103F-16F7-4668-BE54-9A1E7A4F7556}") = "WpfInspector", "MCP\WpfInspector\WpfInspector.csproj", "{A1A1A1A1-1A1A-1A1A-1A1A-1A1A1A1A1A1A}"
EndProject
Project("{9A19103F-16F7-4668-BE54-9A1E7A4F7556}") = "SnoopWpfMcpServer", "MCP\Injector\SnoopWpfMcpServer.csproj", "{B1B1B1B1-1B1B-1B1B-1B1B-1B1B1B1B1B1B}"
EndProject
Project("{9A19103F-16F7-4668-BE54-9A1E7A4F7556}") = "TestApp", "MCP\TestApp\TestApp.csproj", "{C1C1C1C1-1C1C-1C1C-1C1C-1C1C1C1C1C1C}"
EndProject
Project("{9A19103F-16F7-4668-BE54-9A1E7A4F7556}") = "IntegrationTests", "MCP\IntegrationTests\IntegrationTests.csproj", "{D1D1D1D1-1D1D-1D1D-1D1D-1D1D1D1D1D1D}"
EndProject
Project("{9A19103F-16F7-4668-BE54-9A1E7A4F7556}") = "Snoop", "snoopwpf\Snoop\Snoop.csproj", "{ACA9A018-ABF3-4C60-995F-99C4777CED71}"
EndProject
Project("{9A19103F-16F7-4668-BE54-9A1E7A4F7556}") = "Snoop.InjectorLauncher", "snoopwpf\Snoop.InjectorLauncher\Snoop.InjectorLauncher.csproj", "{ACA9A018-ABF3-4C60-995F-99C4777CED75}"
EndProject
Project("{9A19103F-16F7-4668-BE54-9A1E7A4F7556}") = "Snoop.Core", "snoopwpf\Snoop.Core\Snoop.Core.csproj", "{883A18A9-A386-4342-AC95-9AFC34913FCA}"
EndProject
Project("{8BC9CEB8-8B4A-11D0-8D11-00A0C91BC942}") = "Snoop.GenericInjector", "snoopwpf\Snoop.GenericInjector\Snoop.GenericInjector.vcxproj", "{1E16FD0C-92AA-403D-B949-1F19B96DD3CE}"
EndProject
Project("{2150E333-8FDC-42A3-9474-1A3956D46DE8}") = "Tests", "Tests", "{02EA681E-C7D8-13C7-8484-4AC65E1B71E8}"
EndProject
Project("{2150E333-8FDC-42A3-9474-1A3956D46DE8}") = "Prompts", "Prompts", "{5189D8E8-6ECC-4E6A-8D90-CA65AACBFE14}"
	ProjectSection(SolutionItems) = preProject
		CLAUDE.md = CLAUDE.md
		LICENSE.md = LICENSE.md
		Prompts.md = Prompts.md
		README.md = README.md
	EndProjectSection
EndProject
Global
	GlobalSection(SolutionConfigurationPlatforms) = preSolution
		Debug|Any CPU = Debug|Any CPU
		Debug|ARM = Debug|ARM
		Debug|ARM64 = Debug|ARM64
		Debug|x64 = Debug|x64
		Debug|x86 = Debug|x86
		Release|Any CPU = Release|Any CPU
		Release|ARM = Release|ARM
		Release|ARM64 = Release|ARM64
		Release|x64 = Release|x64
		Release|x86 = Release|x86
	EndGlobalSection
	GlobalSection(ProjectConfigurationPlatforms) = postSolution
		{A1A1A1A1-1A1A-1A1A-1A1A-1A1A1A1A1A1A}.Debug|Any CPU.ActiveCfg = Debug|Any CPU
		{A1A1A1A1-1A1A-1A1A-1A1A-1A1A1A1A1A1A}.Debug|Any CPU.Build.0 = Debug|Any CPU
		{A1A1A1A1-1A1A-1A1A-1A1A-1A1A1A1A1A1A}.Debug|ARM.ActiveCfg = Debug|Any CPU
		{A1A1A1A1-1A1A-1A1A-1A1A-1A1A1A1A1A1A}.Debug|ARM.Build.0 = Debug|Any CPU
		{A1A1A1A1-1A1A-1A1A-1A1A-1A1A1A1A1A1A}.Debug|ARM64.ActiveCfg = Debug|Any CPU
		{A1A1A1A1-1A1A-1A1A-1A1A-1A1A1A1A1A1A}.Debug|ARM64.Build.0 = Debug|Any CPU
		{A1A1A1A1-1A1A-1A1A-1A1A-1A1A1A1A1A1A}.Debug|x64.ActiveCfg = Debug|Any CPU
		{A1A1A1A1-1A1A-1A1A-1A1A-1A1A1A1A1A1A}.Debug|x64.Build.0 = Debug|Any CPU
		{A1A1A1A1-1A1A-1A1A-1A1A-1A1A1A1A1A1A}.Debug|x86.ActiveCfg = Debug|Any CPU
		{A1A1A1A1-1A1A-1A1A-1A1A-1A1A1A1A1A1A}.Debug|x86.Build.0 = Debug|Any CPU
		{A1A1A1A1-1A1A-1A1A-1A1A-1A1A1A1A1A1A}.Release|Any CPU.ActiveCfg = Release|Any CPU
		{A1A1A1A1-1A1A-1A1A-1A1A-1A1A1A1A1A1A}.Release|Any CPU.Build.0 = Release|Any CPU
		{A1A1A1A1-1A1A-1A1A-1A1A-1A1A1A1A1A1A}.Release|ARM.ActiveCfg = Release|Any CPU
		{A1A1A1A1-1A1A-1A1A-1A1A-1A1A1A1A1A1A}.Release|ARM.Build.0 = Release|Any CPU
		{A1A1A1A1-1A1A-1A1A-1A1A-1A1A1A1A1A1A}.Release|ARM64.ActiveCfg = Release|Any CPU
		{A1A1A1A1-1A1A-1A1A-1A1A-1A1A1A1A1A1A}.Release|ARM64.Build.0 = Release|Any CPU
		{A1A1A1A1-1A1A-1A1A-1A1A-1A1A1A1A1A1A}.Release|x64.ActiveCfg = Release|Any CPU
		{A1A1A1A1-1A1A-1A1A-1A1A-1A1A1A1A1A1A}.Release|x64.Build.0 = Release|Any CPU
		{A1A1A1A1-1A1A-1A1A-1A1A-1A1A1A1A1A1A}.Release|x86.ActiveCfg = Release|Any CPU
		{A1A1A1A1-1A1A-1A1A-1A1A-1A1A1A1A1A1A}.Release|x86.Build.0 = Release|Any CPU
		{B1B1B1B1-1B1B-1B1B-1B1B-1B1B1B1B1B1B}.Debug|Any CPU.ActiveCfg = Debug|Any CPU
		{B1B1B1B1-1B1B-1B1B-1B1B-1B1B1B1B1B1B}.Debug|Any CPU.Build.0 = Debug|Any CPU
		{B1B1B1B1-1B1B-1B1B-1B1B-1B1B1B1B1B1B}.Debug|ARM.ActiveCfg = Debug|Any CPU
		{B1B1B1B1-1B1B-1B1B-1B1B-1B1B1B1B1B1B}.Debug|ARM.Build.0 = Debug|Any CPU
		{B1B1B1B1-1B1B-1B1B-1B1B-1B1B1B1B1B1B}.Debug|ARM64.ActiveCfg = Debug|Any CPU
		{B1B1B1B1-1B1B-1B1B-1B1B-1B1B1B1B1B1B}.Debug|ARM64.Build.0 = Debug|Any CPU
		{B1B1B1B1-1B1B-1B1B-1B1B-1B1B1B1B1B1B}.Debug|x64.ActiveCfg = Debug|Any CPU
		{B1B1B1B1-1B1B-1B1B-1B1B-1B1B1B1B1B1B}.Debug|x64.Build.0 = Debug|Any CPU
		{B1B1B1B1-1B1B-1B1B-1B1B-1B1B1B1B1B1B}.Debug|x86.ActiveCfg = Debug|Any CPU
		{B1B1B1B1-1B1B-1B1B-1B1B-1B1B1B1B1B1B}.Debug|x86.Build.0 = Debug|Any CPU
		{B1B1B1B1-1B1B-1B1B-1B1B-1B1B1B1B1B1B}.Release|Any CPU.ActiveCfg = Release|Any CPU
		{B1B1B1B1-1B1B-1B1B-1B1B-1B1B1B1B1B1B}.Release|Any CPU.Build.0 = Release|Any CPU
		{B1B1B1B1-1B1B-1B1B-1B1B-1B1B1B1B1B1B}.Release|ARM.ActiveCfg = Release|Any CPU
		{B1B1B1B1-1B1B-1B1B-1B1B-1B1B1B1B1B1B}.Release|ARM.Build.0 = Release|Any CPU
		{B1B1B1B1-1B1B-1B1B-1B1B-1B1B1B1B1B1B}.Release|ARM64.ActiveCfg = Release|Any CPU
		{B1B1B1B1-1B1B-1B1B-1B1B-1B1B1B1B1B1B}.Release|ARM64.Build.0 = Release|Any CPU
		{B1B1B1B1-1B1B-1B1B-1B1B-1B1B1B1B1B1B}.Release|x64.ActiveCfg = Release|Any CPU
		{B1B1B1B1-1B1B-1B1B-1B1B-1B1B1B1B1B1B}.Release|x64.Build.0 = Release|Any CPU
		{B1B1B1B1-1B1B-1B1B-1B1B-1B1B1B1B1B1B}.Release|x86.ActiveCfg = Release|Any CPU
		{B1B1B1B1-1B1B-1B1B-1B1B-1B1B1B1B1B1B}.Release|x86.Build.0 = Release|Any CPU
		{C1C1C1C1-1C1C-1C1C-1C1C-1C1C1C1C1C1C}.Debug|Any CPU.ActiveCfg = Debug|Any CPU
		{C1C1C1C1-1C1C-1C1C-1C1C-1C1C1C1C1C1C}.Debug|Any CPU.Build.0 = Debug|Any CPU
		{C1C1C1C1-1C1C-1C1C-1C1C-1C1C1C1C1C1C}.Debug|ARM.ActiveCfg = Debug|Any CPU
		{C1C1C1C1-1C1C-1C1C-1C1C-1C1C1C1C1C1C}.Debug|ARM.Build.0 = Debug|Any CPU
		{C1C1C1C1-1C1C-1C1C-1C1C-1C1C1C1C1C1C}.Debug|ARM64.ActiveCfg = Debug|Any CPU
		{C1C1C1C1-1C1C-1C1C-1C1C-1C1C1C1C1C1C}.Debug|ARM64.Build.0 = Debug|Any CPU
		{C1C1C1C1-1C1C-1C1C-1C1C-1C1C1C1C1C1C}.Debug|x64.ActiveCfg = Debug|Any CPU
		{C1C1C1C1-1C1C-1C1C-1C1C-1C1C1C1C1C1C}.Debug|x64.Build.0 = Debug|Any CPU
		{C1C1C1C1-1C1C-1C1C-1C1C-1C1C1C1C1C1C}.Debug|x86.ActiveCfg = Debug|Any CPU
		{C1C1C1C1-1C1C-1C1C-1C1C-1C1C1C1C1C1C}.Debug|x86.Build.0 = Debug|Any CPU
		{C1C1C1C1-1C1C-1C1C-1C1C-1C1C1C1C1C1C}.Release|Any CPU.ActiveCfg = Release|Any CPU
		{C1C1C1C1-1C1C-1C1C-1C1C-1C1C1C1C1C1C}.Release|Any CPU.Build.0 = Release|Any CPU
		{C1C1C1C1-1C1C-1C1C-1C1C-1C1C1C1C1C1C}.Release|ARM.ActiveCfg = Release|Any CPU
		{C1C1C1C1-1C1C-1C1C-1C1C-1C1C1C1C1C1C}.Release|ARM.Build.0 = Release|Any CPU
		{C1C1C1C1-1C1C-1C1C-1C1C-1C1C1C1C1C1C}.Release|ARM64.ActiveCfg = Release|Any CPU
		{C1C1C1C1-1C1C-1C1C-1C1C-1C1C1C1C1C1C}.Release|ARM64.Build.0 = Release|Any CPU
		{C1C1C1C1-1C1C-1C1C-1C1C-1C1C1C1C1C1C}.Release|x64.ActiveCfg = Release|Any CPU
		{C1C1C1C1-1C1C-1C1C-1C1C-1C1C1C1C1C1C}.Release|x64.Build.0 = Release|Any CPU
		{C1C1C1C1-1C1C-1C1C-1C1C-1C1C1C1C1C1C}.Release|x86.ActiveCfg = Release|Any CPU
		{C1C1C1C1-1C1C-1C1C-1C1C-1C1C1C1C1C1C}.Release|x86.Build.0 = Release|Any CPU
		{D1D1D1D1-1D1D-1D1D-1D1D-1D1D1D1D1D1D}.Debug|Any CPU.ActiveCfg = Debug|Any CPU
		{D1D1D1D1-1D1D-1D1D-1D1D-1D1D1D1D1D1D}.Debug|Any CPU.Build.0 = Debug|Any CPU
		{D1D1D1D1-1D1D-1D1D-1D1D-1D1D1D1D1D1D}.Debug|ARM.ActiveCfg = Debug|Any CPU
		{D1D1D1D1-1D1D-1D1D-1D1D-1D1D1D1D1D1D}.Debug|ARM.Build.0 = Debug|Any CPU
		{D1D1D1D1-1D1D-1D1D-1D1D-1D1D1D1D1D1D}.Debug|ARM64.ActiveCfg = Debug|Any CPU
		{D1D1D1D1-1D1D-1D1D-1D1D-1D1D1D1D1D1D}.Debug|ARM64.Build.0 = Debug|Any CPU
		{D1D1D1D1-1D1D-1D1D-1D1D-1D1D1D1D1D1D}.Debug|x64.ActiveCfg = Debug|Any CPU
		{D1D1D1D1-1D1D-1D1D-1D1D-1D1D1D1D1D1D}.Debug|x64.Build.0 = Debug|Any CPU
		{D1D1D1D1-1D1D-1D1D-1D1D-1D1D1D1D1D1D}.Debug|x86.ActiveCfg = Debug|Any CPU
		{D1D1D1D1-1D1D-1D1D-1D1D-1D1D1D1D1D1D}.Debug|x86.Build.0 = Debug|Any CPU
		{D1D1D1D1-1D1D-1D1D-1D1D-1D1D1D1D1D1D}.Release|Any CPU.ActiveCfg = Release|Any CPU
		{D1D1D1D1-1D1D-1D1D-1D1D-1D1D1D1D1D1D}.Release|Any CPU.Build.0 = Release|Any CPU
		{D1D1D1D1-1D1D-1D1D-1D1D-1D1D1D1D1D1D}.Release|ARM.ActiveCfg = Release|Any CPU
		{D1D1D1D1-1D1D-1D1D-1D1D-1D1D1D1D1D1D}.Release|ARM.Build.0 = Release|Any CPU
		{D1D1D1D1-1D1D-1D1D-1D1D-1D1D1D1D1D1D}.Release|ARM64.ActiveCfg = Release|Any CPU
		{D1D1D1D1-1D1D-1D1D-1D1D-1D1D1D1D1D1D}.Release|ARM64.Build.0 = Release|Any CPU
		{D1D1D1D1-1D1D-1D1D-1D1D-1D1D1D1D1D1D}.Release|x64.ActiveCfg = Release|Any CPU
		{D1D1D1D1-1D1D-1D1D-1D1D-1D1D1D1D1D1D}.Release|x64.Build.0 = Release|Any CPU
		{D1D1D1D1-1D1D-1D1D-1D1D-1D1D1D1D1D1D}.Release|x86.ActiveCfg = Release|Any CPU
		{D1D1D1D1-1D1D-1D1D-1D1D-1D1D1D1D1D1D}.Release|x86.Build.0 = Release|Any CPU
		{ACA9A018-ABF3-4C60-995F-99C4777CED71}.Debug|Any CPU.ActiveCfg = Debug|Any CPU
		{ACA9A018-ABF3-4C60-995F-99C4777CED71}.Debug|Any CPU.Build.0 = Debug|Any CPU
		{ACA9A018-ABF3-4C60-995F-99C4777CED71}.Debug|ARM.ActiveCfg = Debug|Any CPU
		{ACA9A018-ABF3-4C60-995F-99C4777CED71}.Debug|ARM.Build.0 = Debug|Any CPU
		{ACA9A018-ABF3-4C60-995F-99C4777CED71}.Debug|ARM64.ActiveCfg = Debug|Any CPU
		{ACA9A018-ABF3-4C60-995F-99C4777CED71}.Debug|ARM64.Build.0 = Debug|Any CPU
		{ACA9A018-ABF3-4C60-995F-99C4777CED71}.Debug|x64.ActiveCfg = Debug|Any CPU
		{ACA9A018-ABF3-4C60-995F-99C4777CED71}.Debug|x64.Build.0 = Debug|Any CPU
		{ACA9A018-ABF3-4C60-995F-99C4777CED71}.Debug|x86.ActiveCfg = Debug|Any CPU
		{ACA9A018-ABF3-4C60-995F-99C4777CED71}.Debug|x86.Build.0 = Debug|Any CPU
		{ACA9A018-ABF3-4C60-995F-99C4777CED71}.Release|Any CPU.ActiveCfg = Release|Any CPU
		{ACA9A018-ABF3-4C60-995F-99C4777CED71}.Release|Any CPU.Build.0 = Release|Any CPU
		{ACA9A018-ABF3-4C60-995F-99C4777CED71}.Release|ARM.ActiveCfg = Release|Any CPU
		{ACA9A018-ABF3-4C60-995F-99C4777CED71}.Release|ARM.Build.0 = Release|Any CPU
		{ACA9A018-ABF3-4C60-995F-99C4777CED71}.Release|ARM64.ActiveCfg = Release|Any CPU
		{ACA9A018-ABF3-4C60-995F-99C4777CED71}.Release|ARM64.Build.0 = Release|Any CPU
		{ACA9A018-ABF3-4C60-995F-99C4777CED71}.Release|x64.ActiveCfg = Release|Any CPU
		{ACA9A018-ABF3-4C60-995F-99C4777CED71}.Release|x64.Build.0 = Release|Any CPU
		{ACA9A018-ABF3-4C60-995F-99C4777CED71}.Release|x86.ActiveCfg = Release|Any CPU
		{ACA9A018-ABF3-4C60-995F-99C4777CED71}.Release|x86.Build.0 = Release|Any CPU
		{ACA9A018-ABF3-4C60-995F-99C4777CED75}.Debug|Any CPU.ActiveCfg = Debug|Any CPU
		{ACA9A018-ABF3-4C60-995F-99C4777CED75}.Debug|Any CPU.Build.0 = Debug|Any CPU
		{ACA9A018-ABF3-4C60-995F-99C4777CED75}.Debug|ARM.ActiveCfg = Debug|Any CPU
		{ACA9A018-ABF3-4C60-995F-99C4777CED75}.Debug|ARM.Build.0 = Debug|Any CPU
		{ACA9A018-ABF3-4C60-995F-99C4777CED75}.Debug|ARM64.ActiveCfg = Debug|Any CPU
		{ACA9A018-ABF3-4C60-995F-99C4777CED75}.Debug|ARM64.Build.0 = Debug|Any CPU
		{ACA9A018-ABF3-4C60-995F-99C4777CED75}.Debug|x64.ActiveCfg = Debug|Any CPU
		{ACA9A018-ABF3-4C60-995F-99C4777CED75}.Debug|x64.Build.0 = Debug|Any CPU
		{ACA9A018-ABF3-4C60-995F-99C4777CED75}.Debug|x86.ActiveCfg = Debug|Any CPU
		{ACA9A018-ABF3-4C60-995F-99C4777CED75}.Debug|x86.Build.0 = Debug|Any CPU
		{ACA9A018-ABF3-4C60-995F-99C4777CED75}.Release|Any CPU.ActiveCfg = Release|Any CPU
		{ACA9A018-ABF3-4C60-995F-99C4777CED75}.Release|Any CPU.Build.0 = Release|Any CPU
		{ACA9A018-ABF3-4C60-995F-99C4777CED75}.Release|ARM.ActiveCfg = Release|Any CPU
		{ACA9A018-ABF3-4C60-995F-99C4777CED75}.Release|ARM.Build.0 = Release|Any CPU
		{ACA9A018-ABF3-4C60-995F-99C4777CED75}.Release|ARM64.ActiveCfg = Release|Any CPU
		{ACA9A018-ABF3-4C60-995F-99C4777CED75}.Release|ARM64.Build.0 = Release|Any CPU
		{ACA9A018-ABF3-4C60-995F-99C4777CED75}.Release|x64.ActiveCfg = Release|Any CPU
		{ACA9A018-ABF3-4C60-995F-99C4777CED75}.Release|x64.Build.0 = Release|Any CPU
		{ACA9A018-ABF3-4C60-995F-99C4777CED75}.Release|x86.ActiveCfg = Release|Any CPU
		{ACA9A018-ABF3-4C60-995F-99C4777CED75}.Release|x86.Build.0 = Release|Any CPU
		{883A18A9-A386-4342-AC95-9AFC34913FCA}.Debug|Any CPU.ActiveCfg = Debug|Any CPU
		{883A18A9-A386-4342-AC95-9AFC34913FCA}.Debug|Any CPU.Build.0 = Debug|Any CPU
		{883A18A9-A386-4342-AC95-9AFC34913FCA}.Debug|ARM.ActiveCfg = Debug|Any CPU
		{883A18A9-A386-4342-AC95-9AFC34913FCA}.Debug|ARM.Build.0 = Debug|Any CPU
		{883A18A9-A386-4342-AC95-9AFC34913FCA}.Debug|ARM64.ActiveCfg = Debug|Any CPU
		{883A18A9-A386-4342-AC95-9AFC34913FCA}.Debug|ARM64.Build.0 = Debug|Any CPU
		{883A18A9-A386-4342-AC95-9AFC34913FCA}.Debug|x64.ActiveCfg = Debug|Any CPU
		{883A18A9-A386-4342-AC95-9AFC34913FCA}.Debug|x64.Build.0 = Debug|Any CPU
		{883A18A9-A386-4342-AC95-9AFC34913FCA}.Debug|x86.ActiveCfg = Debug|Any CPU
		{883A18A9-A386-4342-AC95-9AFC34913FCA}.Debug|x86.Build.0 = Debug|Any CPU
		{883A18A9-A386-4342-AC95-9AFC34913FCA}.Release|Any CPU.ActiveCfg = Release|Any CPU
		{883A18A9-A386-4342-AC95-9AFC34913FCA}.Release|Any CPU.Build.0 = Release|Any CPU
		{883A18A9-A386-4342-AC95-9AFC34913FCA}.Release|ARM.ActiveCfg = Release|Any CPU
		{883A18A9-A386-4342-AC95-9AFC34913FCA}.Release|ARM.Build.0 = Release|Any CPU
		{883A18A9-A386-4342-AC95-9AFC34913FCA}.Release|ARM64.ActiveCfg = Release|Any CPU
		{883A18A9-A386-4342-AC95-9AFC34913FCA}.Release|ARM64.Build.0 = Release|Any CPU
		{883A18A9-A386-4342-AC95-9AFC34913FCA}.Release|x64.ActiveCfg = Release|Any CPU
		{883A18A9-A386-4342-AC95-9AFC34913FCA}.Release|x64.Build.0 = Release|Any CPU
		{883A18A9-A386-4342-AC95-9AFC34913FCA}.Release|x86.ActiveCfg = Release|Any CPU
		{883A18A9-A386-4342-AC95-9AFC34913FCA}.Release|x86.Build.0 = Release|Any CPU
		{1E16FD0C-92AA-403D-B949-1F19B96DD3CE}.Debug|Any CPU.ActiveCfg = Debug|x64
		{1E16FD0C-92AA-403D-B949-1F19B96DD3CE}.Debug|Any CPU.Build.0 = Debug|x64
		{1E16FD0C-92AA-403D-B949-1F19B96DD3CE}.Debug|ARM.ActiveCfg = Debug|ARM
		{1E16FD0C-92AA-403D-B949-1F19B96DD3CE}.Debug|ARM.Build.0 = Debug|ARM
		{1E16FD0C-92AA-403D-B949-1F19B96DD3CE}.Debug|ARM64.ActiveCfg = Debug|ARM64
		{1E16FD0C-92AA-403D-B949-1F19B96DD3CE}.Debug|ARM64.Build.0 = Debug|ARM64
		{1E16FD0C-92AA-403D-B949-1F19B96DD3CE}.Debug|x64.ActiveCfg = Debug|x64
		{1E16FD0C-92AA-403D-B949-1F19B96DD3CE}.Debug|x64.Build.0 = Debug|x64
		{1E16FD0C-92AA-403D-B949-1F19B96DD3CE}.Debug|x86.ActiveCfg = Debug|Win32
		{1E16FD0C-92AA-403D-B949-1F19B96DD3CE}.Debug|x86.Build.0 = Debug|Win32
		{1E16FD0C-92AA-403D-B949-1F19B96DD3CE}.Release|Any CPU.ActiveCfg = Release|x64
		{1E16FD0C-92AA-403D-B949-1F19B96DD3CE}.Release|Any CPU.Build.0 = Release|x64
		{1E16FD0C-92AA-403D-B949-1F19B96DD3CE}.Release|ARM.ActiveCfg = Release|ARM
		{1E16FD0C-92AA-403D-B949-1F19B96DD3CE}.Release|ARM.Build.0 = Release|ARM
		{1E16FD0C-92AA-403D-B949-1F19B96DD3CE}.Release|ARM64.ActiveCfg = Release|ARM64
		{1E16FD0C-92AA-403D-B949-1F19B96DD3CE}.Release|ARM64.Build.0 = Release|ARM64
		{1E16FD0C-92AA-403D-B949-1F19B96DD3CE}.Release|x64.ActiveCfg = Release|x64
		{1E16FD0C-92AA-403D-B949-1F19B96DD3CE}.Release|x64.Build.0 = Release|x64
		{1E16FD0C-92AA-403D-B949-1F19B96DD3CE}.Release|x86.ActiveCfg = Release|Win32
		{1E16FD0C-92AA-403D-B949-1F19B96DD3CE}.Release|x86.Build.0 = Release|Win32
	EndGlobalSection
	GlobalSection(SolutionProperties) = preSolution
		HideSolutionNode = FALSE
	EndGlobalSection
	GlobalSection(NestedProjects) = preSolution
		{C1C1C1C1-1C1C-1C1C-1C1C-1C1C1C1C1C1C} = {02EA681E-C7D8-13C7-8484-4AC65E1B71E8}
		{D1D1D1D1-1D1D-1D1D-1D1D-1D1D1D1D1D1D} = {02EA681E-C7D8-13C7-8484-4AC65E1B71E8}
		{ACA9A018-ABF3-4C60-995F-99C4777CED71} = {E1E1E1E1-1E1E-1E1E-1E1E-1E1E1E1E1E1E}
		{ACA9A018-ABF3-4C60-995F-99C4777CED75} = {E1E1E1E1-1E1E-1E1E-1E1E-1E1E1E1E1E1E}
		{883A18A9-A386-4342-AC95-9AFC34913FCA} = {E1E1E1E1-1E1E-1E1E-1E1E-1E1E1E1E1E1E}
		{1E16FD0C-92AA-403D-B949-1F19B96DD3CE} = {E1E1E1E1-1E1E-1E1E-1E1E-1E1E1E1E1E1E}
	EndGlobalSection
	GlobalSection(ExtensibilityGlobals) = postSolution
		SolutionGuid = {955743EA-7752-4556-9C51-E27A96A01332}
	EndGlobalSection
EndGlobal
